
# This file is generated by running "yarn install" inside your project.
# Manual changes might be lost - proceed with caution!

__metadata:
  version: 6
  cacheKey: 8

"@discoveryjs/json-ext@npm:^0.5.0":
  version: 0.5.7
  resolution: "@discoveryjs/json-ext@npm:0.5.7"
  checksum: 2176d301cc258ea5c2324402997cf8134ebb212469c0d397591636cea8d3c02f2b3cf9fd58dcb748c7a0dade77ebdc1b10284fa63e608c033a1db52fddc69918
  languageName: node
  linkType: hard

"@eslint/eslintrc@npm:^1.3.3":
  version: 1.3.3
  resolution: "@eslint/eslintrc@npm:1.3.3"
  dependencies:
    ajv: ^6.12.4
    debug: ^4.3.2
    espree: ^9.4.0
    globals: ^13.15.0
    ignore: ^5.2.0
    import-fresh: ^3.2.1
    js-yaml: ^4.1.0
    minimatch: ^3.1.2
    strip-json-comments: ^3.1.1
  checksum: f03e9d6727efd3e0719da2051ea80c0c73d20e28c171121527dbb868cd34232ca9c1d0525a66e517a404afea26624b1e47895b6a92474678418c2f50c9566694
  languageName: node
  linkType: hard

"@humanwhocodes/config-array@npm:^0.10.5":
  version: 0.10.7
  resolution: "@humanwhocodes/config-array@npm:0.10.7"
  dependencies:
    "@humanwhocodes/object-schema": ^1.2.1
    debug: ^4.1.1
    minimatch: ^3.0.4
  checksum: 009d64be8d5bd098ff04e10af79e34f5633245250581fca032fac12a8667b2df8e7d169e69c05bff4d83ea3dd3c7d2d0e05ea9b94d89a7d092e26530caf6f8a3
  languageName: node
  linkType: hard

"@humanwhocodes/module-importer@npm:^1.0.1":
  version: 1.0.1
  resolution: "@humanwhocodes/module-importer@npm:1.0.1"
  checksum: 0fd22007db8034a2cdf2c764b140d37d9020bbfce8a49d3ec5c05290e77d4b0263b1b972b752df8c89e5eaa94073408f2b7d977aed131faf6cf396ebb5d7fb61
  languageName: node
  linkType: hard

"@humanwhocodes/object-schema@npm:^1.2.1":
  version: 1.2.1
  resolution: "@humanwhocodes/object-schema@npm:1.2.1"
  checksum: a824a1ec31591231e4bad5787641f59e9633827d0a2eaae131a288d33c9ef0290bd16fda8da6f7c0fcb014147865d12118df10db57f27f41e20da92369fcb3f1
  languageName: node
  linkType: hard

"@isaacs/cliui@npm:^8.0.2":
  version: 8.0.2
  resolution: "@isaacs/cliui@npm:8.0.2"
  dependencies:
    string-width: ^5.1.2
    string-width-cjs: "npm:string-width@^4.2.0"
    strip-ansi: ^7.0.1
    strip-ansi-cjs: "npm:strip-ansi@^6.0.1"
    wrap-ansi: ^8.1.0
    wrap-ansi-cjs: "npm:wrap-ansi@^7.0.0"
  checksum: 4a473b9b32a7d4d3cfb7a614226e555091ff0c5a29a1734c28c72a182c2f6699b26fc6b5c2131dfd841e86b185aea714c72201d7c98c2fba5f17709333a67aeb
  languageName: node
  linkType: hard

"@jridgewell/gen-mapping@npm:^0.3.0":
  version: 0.3.2
  resolution: "@jridgewell/gen-mapping@npm:0.3.2"
  dependencies:
    "@jridgewell/set-array": ^1.0.1
    "@jridgewell/sourcemap-codec": ^1.4.10
    "@jridgewell/trace-mapping": ^0.3.9
  checksum: 1832707a1c476afebe4d0fbbd4b9434fdb51a4c3e009ab1e9938648e21b7a97049fa6009393bdf05cab7504108413441df26d8a3c12193996e65493a4efb6882
  languageName: node
  linkType: hard

"@jridgewell/resolve-uri@npm:3.1.0":
  version: 3.1.0
  resolution: "@jridgewell/resolve-uri@npm:3.1.0"
  checksum: b5ceaaf9a110fcb2780d1d8f8d4a0bfd216702f31c988d8042e5f8fbe353c55d9b0f55a1733afdc64806f8e79c485d2464680ac48a0d9fcadb9548ee6b81d267
  languageName: node
  linkType: hard

"@jridgewell/set-array@npm:^1.0.1":
  version: 1.1.2
  resolution: "@jridgewell/set-array@npm:1.1.2"
  checksum: 69a84d5980385f396ff60a175f7177af0b8da4ddb81824cb7016a9ef914eee9806c72b6b65942003c63f7983d4f39a5c6c27185bbca88eb4690b62075602e28e
  languageName: node
  linkType: hard

"@jridgewell/source-map@npm:^0.3.2":
  version: 0.3.2
  resolution: "@jridgewell/source-map@npm:0.3.2"
  dependencies:
    "@jridgewell/gen-mapping": ^0.3.0
    "@jridgewell/trace-mapping": ^0.3.9
  checksum: 1b83f0eb944e77b70559a394d5d3b3f98a81fcc186946aceb3ef42d036762b52ef71493c6c0a3b7c1d2f08785f53ba2df1277fe629a06e6109588ff4cdcf7482
  languageName: node
  linkType: hard

"@jridgewell/sourcemap-codec@npm:1.4.14, @jridgewell/sourcemap-codec@npm:^1.4.10":
  version: 1.4.14
  resolution: "@jridgewell/sourcemap-codec@npm:1.4.14"
  checksum: 61100637b6d173d3ba786a5dff019e1a74b1f394f323c1fee337ff390239f053b87266c7a948777f4b1ee68c01a8ad0ab61e5ff4abb5a012a0b091bec391ab97
  languageName: node
  linkType: hard

"@jridgewell/trace-mapping@npm:^0.3.14, @jridgewell/trace-mapping@npm:^0.3.9":
  version: 0.3.17
  resolution: "@jridgewell/trace-mapping@npm:0.3.17"
  dependencies:
    "@jridgewell/resolve-uri": 3.1.0
    "@jridgewell/sourcemap-codec": 1.4.14
  checksum: 9d703b859cff5cd83b7308fd457a431387db5db96bd781a63bf48e183418dd9d3d44e76b9e4ae13237f6abeeb25d739ec9215c1d5bfdd08f66f750a50074a339
  languageName: node
  linkType: hard

"@leichtgewicht/ip-codec@npm:^2.0.1":
  version: 2.0.4
  resolution: "@leichtgewicht/ip-codec@npm:2.0.4"
  checksum: 468de1f04d33de6d300892683d7c8aecbf96d1e2c5fe084f95f816e50a054d45b7c1ebfb141a1447d844b86a948733f6eebd92234da8581c84a1ad4de2946a2d
  languageName: node
  linkType: hard

"@nodelib/fs.scandir@npm:2.1.5":
  version: 2.1.5
  resolution: "@nodelib/fs.scandir@npm:2.1.5"
  dependencies:
    "@nodelib/fs.stat": 2.0.5
    run-parallel: ^1.1.9
  checksum: a970d595bd23c66c880e0ef1817791432dbb7acbb8d44b7e7d0e7a22f4521260d4a83f7f9fd61d44fda4610105577f8f58a60718105fb38352baed612fd79e59
  languageName: node
  linkType: hard

"@nodelib/fs.stat@npm:2.0.5, @nodelib/fs.stat@npm:^2.0.2":
  version: 2.0.5
  resolution: "@nodelib/fs.stat@npm:2.0.5"
  checksum: 012480b5ca9d97bff9261571dbbec7bbc6033f69cc92908bc1ecfad0792361a5a1994bc48674b9ef76419d056a03efadfce5a6cf6dbc0a36559571a7a483f6f0
  languageName: node
  linkType: hard

"@nodelib/fs.walk@npm:^1.2.3":
  version: 1.2.8
  resolution: "@nodelib/fs.walk@npm:1.2.8"
  dependencies:
    "@nodelib/fs.scandir": 2.1.5
    fastq: ^1.6.0
  checksum: 190c643f156d8f8f277bf2a6078af1ffde1fd43f498f187c2db24d35b4b4b5785c02c7dc52e356497b9a1b65b13edc996de08de0b961c32844364da02986dc53
  languageName: node
  linkType: hard

"@npmcli/fs@npm:^3.1.0":
  version: 3.1.0
  resolution: "@npmcli/fs@npm:3.1.0"
  dependencies:
    semver: ^7.3.5
  checksum: a50a6818de5fc557d0b0e6f50ec780a7a02ab8ad07e5ac8b16bf519e0ad60a144ac64f97d05c443c3367235d337182e1d012bbac0eb8dbae8dc7b40b193efd0e
  languageName: node
  linkType: hard

"@pkgjs/parseargs@npm:^0.11.0":
  version: 0.11.0
  resolution: "@pkgjs/parseargs@npm:0.11.0"
  checksum: 6ad6a00fc4f2f2cfc6bff76fb1d88b8ee20bc0601e18ebb01b6d4be583733a860239a521a7fbca73b612e66705078809483549d2b18f370eb346c5155c8e4a0f
  languageName: node
  linkType: hard

"@swc/core-android-arm-eabi@npm:1.3.8":
  version: 1.3.8
  resolution: "@swc/core-android-arm-eabi@npm:1.3.8"
  dependencies:
    "@swc/wasm": 1.2.122
  conditions: os=android & cpu=arm
  languageName: node
  linkType: hard

"@swc/core-android-arm64@npm:1.3.8":
  version: 1.3.8
  resolution: "@swc/core-android-arm64@npm:1.3.8"
  dependencies:
    "@swc/wasm": 1.2.130
  conditions: os=android & cpu=arm64
  languageName: node
  linkType: hard

"@swc/core-darwin-arm64@npm:1.3.8":
  version: 1.3.8
  resolution: "@swc/core-darwin-arm64@npm:1.3.8"
  conditions: os=darwin & cpu=arm64
  languageName: node
  linkType: hard

"@swc/core-darwin-x64@npm:1.3.8":
  version: 1.3.8
  resolution: "@swc/core-darwin-x64@npm:1.3.8"
  conditions: os=darwin & cpu=x64
  languageName: node
  linkType: hard

"@swc/core-freebsd-x64@npm:1.3.8":
  version: 1.3.8
  resolution: "@swc/core-freebsd-x64@npm:1.3.8"
  dependencies:
    "@swc/wasm": 1.2.130
  conditions: os=freebsd & cpu=x64
  languageName: node
  linkType: hard

"@swc/core-linux-arm-gnueabihf@npm:1.3.8":
  version: 1.3.8
  resolution: "@swc/core-linux-arm-gnueabihf@npm:1.3.8"
  dependencies:
    "@swc/wasm": 1.2.130
  conditions: os=linux & cpu=arm
  languageName: node
  linkType: hard

"@swc/core-linux-arm64-gnu@npm:1.3.8":
  version: 1.3.8
  resolution: "@swc/core-linux-arm64-gnu@npm:1.3.8"
  conditions: os=linux & cpu=arm64 & libc=glibc
  languageName: node
  linkType: hard

"@swc/core-linux-arm64-musl@npm:1.3.8":
  version: 1.3.8
  resolution: "@swc/core-linux-arm64-musl@npm:1.3.8"
  conditions: os=linux & cpu=arm64 & libc=musl
  languageName: node
  linkType: hard

"@swc/core-linux-x64-gnu@npm:1.3.8":
  version: 1.3.8
  resolution: "@swc/core-linux-x64-gnu@npm:1.3.8"
  conditions: os=linux & cpu=x64 & libc=glibc
  languageName: node
  linkType: hard

"@swc/core-linux-x64-musl@npm:1.3.8":
  version: 1.3.8
  resolution: "@swc/core-linux-x64-musl@npm:1.3.8"
  conditions: os=linux & cpu=x64 & libc=musl
  languageName: node
  linkType: hard

"@swc/core-win32-arm64-msvc@npm:1.3.8":
  version: 1.3.8
  resolution: "@swc/core-win32-arm64-msvc@npm:1.3.8"
  dependencies:
    "@swc/wasm": 1.2.130
  conditions: os=win32 & cpu=arm64
  languageName: node
  linkType: hard

"@swc/core-win32-ia32-msvc@npm:1.3.8":
  version: 1.3.8
  resolution: "@swc/core-win32-ia32-msvc@npm:1.3.8"
  dependencies:
    "@swc/wasm": 1.2.130
  conditions: os=win32 & cpu=ia32
  languageName: node
  linkType: hard

"@swc/core-win32-x64-msvc@npm:1.3.8":
  version: 1.3.8
  resolution: "@swc/core-win32-x64-msvc@npm:1.3.8"
  conditions: os=win32 & cpu=x64
  languageName: node
  linkType: hard

"@swc/core@npm:^1.3.8":
  version: 1.3.8
  resolution: "@swc/core@npm:1.3.8"
  dependencies:
    "@swc/core-android-arm-eabi": 1.3.8
    "@swc/core-android-arm64": 1.3.8
    "@swc/core-darwin-arm64": 1.3.8
    "@swc/core-darwin-x64": 1.3.8
    "@swc/core-freebsd-x64": 1.3.8
    "@swc/core-linux-arm-gnueabihf": 1.3.8
    "@swc/core-linux-arm64-gnu": 1.3.8
    "@swc/core-linux-arm64-musl": 1.3.8
    "@swc/core-linux-x64-gnu": 1.3.8
    "@swc/core-linux-x64-musl": 1.3.8
    "@swc/core-win32-arm64-msvc": 1.3.8
    "@swc/core-win32-ia32-msvc": 1.3.8
    "@swc/core-win32-x64-msvc": 1.3.8
  dependenciesMeta:
    "@swc/core-android-arm-eabi":
      optional: true
    "@swc/core-android-arm64":
      optional: true
    "@swc/core-darwin-arm64":
      optional: true
    "@swc/core-darwin-x64":
      optional: true
    "@swc/core-freebsd-x64":
      optional: true
    "@swc/core-linux-arm-gnueabihf":
      optional: true
    "@swc/core-linux-arm64-gnu":
      optional: true
    "@swc/core-linux-arm64-musl":
      optional: true
    "@swc/core-linux-x64-gnu":
      optional: true
    "@swc/core-linux-x64-musl":
      optional: true
    "@swc/core-win32-arm64-msvc":
      optional: true
    "@swc/core-win32-ia32-msvc":
      optional: true
    "@swc/core-win32-x64-msvc":
      optional: true
  bin:
    swcx: run_swcx.js
  checksum: 0f4afe1cdfe0fc7c471f77ad9138cd46c65770060ed47a1ed13fdffc1a580c2b8aa4cbb936c1f9da61e925e3d964c6d73dc61888982502b5da148d64028d17b2
  languageName: node
  linkType: hard

"@swc/wasm@npm:1.2.122":
  version: 1.2.122
  resolution: "@swc/wasm@npm:1.2.122"
  checksum: 563345370c5ad18373d3b403590ab880fe52dcd8fc8c8601be263fcd9886520b28a7f4e46236cf49ca2b136c79d4ef50c960bc34b7cdc2068118b0d84dfca1f4
  languageName: node
  linkType: hard

"@swc/wasm@npm:1.2.130":
  version: 1.2.130
  resolution: "@swc/wasm@npm:1.2.130"
  checksum: 02203bfef3e382c64cbbd63c138c8fdf61865e74d923b317e9d9e9f33f5a3f0a9533b5fdbc9505e76d78e864be04a82fc847eb987a1e47ccac5850146c858292
  languageName: node
  linkType: hard

"@tootallnate/once@npm:2":
  version: 2.0.0
  resolution: "@tootallnate/once@npm:2.0.0"
  checksum: ad87447820dd3f24825d2d947ebc03072b20a42bfc96cbafec16bff8bbda6c1a81fcb0be56d5b21968560c5359a0af4038a68ba150c3e1694fe4c109a063bed8
  languageName: node
  linkType: hard

"@types/body-parser@npm:*":
  version: 1.19.2
  resolution: "@types/body-parser@npm:1.19.2"
  dependencies:
    "@types/connect": "*"
    "@types/node": "*"
  checksum: e17840c7d747a549f00aebe72c89313d09fbc4b632b949b2470c5cb3b1cb73863901ae84d9335b567a79ec5efcfb8a28ff8e3f36bc8748a9686756b6d5681f40
  languageName: node
  linkType: hard

"@types/bonjour@npm:^3.5.9":
  version: 3.5.10
  resolution: "@types/bonjour@npm:3.5.10"
  dependencies:
    "@types/node": "*"
  checksum: bfcadb042a41b124c4e3de4925e3be6d35b78f93f27c4535d5ff86980dc0f8bc407ed99b9b54528952dc62834d5a779392f7a12c2947dd19330eb05a6bcae15a
  languageName: node
  linkType: hard

"@types/connect-history-api-fallback@npm:^1.3.5":
  version: 1.3.5
  resolution: "@types/connect-history-api-fallback@npm:1.3.5"
  dependencies:
    "@types/express-serve-static-core": "*"
    "@types/node": "*"
  checksum: 464d06e5ab00f113fa89978633d5eb00d225aeb4ebbadc07f6f3bc337aa7cbfcd74957b2a539d6d47f2e128e956a17819973ec7ae62ade2e16e367a6c38b8d3a
  languageName: node
  linkType: hard

"@types/connect@npm:*":
  version: 3.4.35
  resolution: "@types/connect@npm:3.4.35"
  dependencies:
    "@types/node": "*"
  checksum: fe81351470f2d3165e8b12ce33542eef89ea893e36dd62e8f7d72566dfb7e448376ae962f9f3ea888547ce8b55a40020ca0e01d637fab5d99567673084542641
  languageName: node
  linkType: hard

"@types/eslint-scope@npm:^3.7.3":
  version: 3.7.4
  resolution: "@types/eslint-scope@npm:3.7.4"
  dependencies:
    "@types/eslint": "*"
    "@types/estree": "*"
  checksum: ea6a9363e92f301cd3888194469f9ec9d0021fe0a397a97a6dd689e7545c75de0bd2153dfb13d3ab532853a278b6572c6f678ce846980669e41029d205653460
  languageName: node
  linkType: hard

"@types/eslint@npm:*, @types/eslint@npm:^7.29.0 || ^8.4.1":
  version: 8.4.6
  resolution: "@types/eslint@npm:8.4.6"
  dependencies:
    "@types/estree": "*"
    "@types/json-schema": "*"
  checksum: bfaf27b00031b2238139003965475d023306119e467947f7a43a41e380918e365618e2ae6a6ae638697f6421a6bb1571db078695ff5e548f23618000b38acd23
  languageName: node
  linkType: hard

"@types/estree@npm:*":
  version: 1.0.0
  resolution: "@types/estree@npm:1.0.0"
  checksum: 910d97fb7092c6738d30a7430ae4786a38542023c6302b95d46f49420b797f21619cdde11fa92b338366268795884111c2eb10356e4bd2c8ad5b92941e9e6443
  languageName: node
  linkType: hard

"@types/estree@npm:^0.0.51":
  version: 0.0.51
  resolution: "@types/estree@npm:0.0.51"
  checksum: e56a3bcf759fd9185e992e7fdb3c6a5f81e8ff120e871641607581fb3728d16c811702a7d40fa5f869b7f7b4437ab6a87eb8d98ffafeee51e85bbe955932a189
  languageName: node
  linkType: hard

"@types/express-serve-static-core@npm:*, @types/express-serve-static-core@npm:^4.17.18":
  version: 4.17.31
  resolution: "@types/express-serve-static-core@npm:4.17.31"
  dependencies:
    "@types/node": "*"
    "@types/qs": "*"
    "@types/range-parser": "*"
  checksum: 009bfbe1070837454a1056aa710d0390ee5fb8c05dfe5a1691cc3e2ca88dc256f80e1ca27cb51a978681631d2f6431bfc9ec352ea46dd0c6eb183d0170bde5df
  languageName: node
  linkType: hard

"@types/express@npm:*, @types/express@npm:^4.17.13":
  version: 4.17.14
  resolution: "@types/express@npm:4.17.14"
  dependencies:
    "@types/body-parser": "*"
    "@types/express-serve-static-core": ^4.17.18
    "@types/qs": "*"
    "@types/serve-static": "*"
  checksum: 15c1af46d02de834e4a225eccaa9d85c0370fdbb3ed4e1bc2d323d24872309961542b993ae236335aeb3e278630224a6ea002078d39e651d78a3b0356b1eaa79
  languageName: node
  linkType: hard

"@types/glob@npm:^7.1.1":
  version: 7.2.0
  resolution: "@types/glob@npm:7.2.0"
  dependencies:
    "@types/minimatch": "*"
    "@types/node": "*"
  checksum: 6ae717fedfdfdad25f3d5a568323926c64f52ef35897bcac8aca8e19bc50c0bd84630bbd063e5d52078b2137d8e7d3c26eabebd1a2f03ff350fff8a91e79fc19
  languageName: node
  linkType: hard

"@types/http-proxy@npm:^1.17.8":
  version: 1.17.9
  resolution: "@types/http-proxy@npm:1.17.9"
  dependencies:
    "@types/node": "*"
  checksum: 7a6746d00729b2a9fe9f9dd3453430b099931df879ec8f7a7b5f07b1795f6d99b0512640c45a67390b1e4bacb9401e36824952aeeaf089feba8627a063cf8e00
  languageName: node
  linkType: hard

"@types/json-schema@npm:*, @types/json-schema@npm:^7.0.8, @types/json-schema@npm:^7.0.9":
  version: 7.0.11
  resolution: "@types/json-schema@npm:7.0.11"
  checksum: 527bddfe62db9012fccd7627794bd4c71beb77601861055d87e3ee464f2217c85fca7a4b56ae677478367bbd248dbde13553312b7d4dbc702a2f2bbf60c4018d
  languageName: node
  linkType: hard

"@types/mime@npm:*":
  version: 3.0.1
  resolution: "@types/mime@npm:3.0.1"
  checksum: 4040fac73fd0cea2460e29b348c1a6173da747f3a87da0dbce80dd7a9355a3d0e51d6d9a401654f3e5550620e3718b5a899b2ec1debf18424e298a2c605346e7
  languageName: node
  linkType: hard

"@types/minimatch@npm:*":
  version: 5.1.2
  resolution: "@types/minimatch@npm:5.1.2"
  checksum: 0391a282860c7cb6fe262c12b99564732401bdaa5e395bee9ca323c312c1a0f45efbf34dce974682036e857db59a5c9b1da522f3d6055aeead7097264c8705a8
  languageName: node
  linkType: hard

"@types/node@npm:*":
  version: 18.11.0
  resolution: "@types/node@npm:18.11.0"
  checksum: f27f899ab428e5732f04fadadc9203f44bdf3abf56474540ee27da90e4f2ba133faf87263cada4d2271955f92ee6a142bd50683c86290fe5070c19aac44fd654
  languageName: node
  linkType: hard

"@types/qs@npm:*":
  version: 6.9.7
  resolution: "@types/qs@npm:6.9.7"
  checksum: 7fd6f9c25053e9b5bb6bc9f9f76c1d89e6c04f7707a7ba0e44cc01f17ef5284adb82f230f542c2d5557d69407c9a40f0f3515e8319afd14e1e16b5543ac6cdba
  languageName: node
  linkType: hard

"@types/range-parser@npm:*":
  version: 1.2.4
  resolution: "@types/range-parser@npm:1.2.4"
  checksum: b7c0dfd5080a989d6c8bb0b6750fc0933d9acabeb476da6fe71d8bdf1ab65e37c136169d84148034802f48378ab94e3c37bb4ef7656b2bec2cb9c0f8d4146a95
  languageName: node
  linkType: hard

"@types/retry@npm:0.12.0":
  version: 0.12.0
  resolution: "@types/retry@npm:0.12.0"
  checksum: 61a072c7639f6e8126588bf1eb1ce8835f2cb9c2aba795c4491cf6310e013267b0c8488039857c261c387e9728c1b43205099223f160bb6a76b4374f741b5603
  languageName: node
  linkType: hard

"@types/serve-index@npm:^1.9.1":
  version: 1.9.1
  resolution: "@types/serve-index@npm:1.9.1"
  dependencies:
    "@types/express": "*"
  checksum: 026f3995fb500f6df7c3fe5009e53bad6d739e20b84089f58ebfafb2f404bbbb6162bbe33f72d2f2af32d5b8d3799c8e179793f90d9ed5871fb8591190bb6056
  languageName: node
  linkType: hard

"@types/serve-static@npm:*, @types/serve-static@npm:^1.13.10":
  version: 1.15.0
  resolution: "@types/serve-static@npm:1.15.0"
  dependencies:
    "@types/mime": "*"
    "@types/node": "*"
  checksum: b6ac93d471fb0f53ddcac1f9b67572a09cd62806f7db5855244b28f6f421139626f24799392566e97d1ffc61b12f9de7f30380c39fcae3c8a161fe161d44edf2
  languageName: node
  linkType: hard

"@types/sockjs@npm:^0.3.33":
  version: 0.3.33
  resolution: "@types/sockjs@npm:0.3.33"
  dependencies:
    "@types/node": "*"
  checksum: b9bbb2b5c5ead2fb884bb019f61a014e37410bddd295de28184e1b2e71ee6b04120c5ba7b9954617f0bdf962c13d06249ce65004490889c747c80d3f628ea842
  languageName: node
  linkType: hard

"@types/ws@npm:^8.5.1":
  version: 8.5.3
  resolution: "@types/ws@npm:8.5.3"
  dependencies:
    "@types/node": "*"
  checksum: 0ce46f850d41383fcdc2149bcacc86d7232fa7a233f903d2246dff86e31701a02f8566f40af5f8b56d1834779255c04ec6ec78660fe0f9b2a69cf3d71937e4ae
  languageName: node
  linkType: hard

"@webassemblyjs/ast@npm:1.11.1":
  version: 1.11.1
  resolution: "@webassemblyjs/ast@npm:1.11.1"
  dependencies:
    "@webassemblyjs/helper-numbers": 1.11.1
    "@webassemblyjs/helper-wasm-bytecode": 1.11.1
  checksum: 1eee1534adebeece635362f8e834ae03e389281972611408d64be7895fc49f48f98fddbbb5339bf8a72cb101bcb066e8bca3ca1bf1ef47dadf89def0395a8d87
  languageName: node
  linkType: hard

"@webassemblyjs/floating-point-hex-parser@npm:1.11.1":
  version: 1.11.1
  resolution: "@webassemblyjs/floating-point-hex-parser@npm:1.11.1"
  checksum: b8efc6fa08e4787b7f8e682182d84dfdf8da9d9c77cae5d293818bc4a55c1f419a87fa265ab85252b3e6c1fd323d799efea68d825d341a7c365c64bc14750e97
  languageName: node
  linkType: hard

"@webassemblyjs/helper-api-error@npm:1.11.1":
  version: 1.11.1
  resolution: "@webassemblyjs/helper-api-error@npm:1.11.1"
  checksum: 0792813f0ed4a0e5ee0750e8b5d0c631f08e927f4bdfdd9fe9105dc410c786850b8c61bff7f9f515fdfb149903bec3c976a1310573a4c6866a94d49bc7271959
  languageName: node
  linkType: hard

"@webassemblyjs/helper-buffer@npm:1.11.1":
  version: 1.11.1
  resolution: "@webassemblyjs/helper-buffer@npm:1.11.1"
  checksum: a337ee44b45590c3a30db5a8b7b68a717526cf967ada9f10253995294dbd70a58b2da2165222e0b9830cd4fc6e4c833bf441a721128d1fe2e9a7ab26b36003ce
  languageName: node
  linkType: hard

"@webassemblyjs/helper-numbers@npm:1.11.1":
  version: 1.11.1
  resolution: "@webassemblyjs/helper-numbers@npm:1.11.1"
  dependencies:
    "@webassemblyjs/floating-point-hex-parser": 1.11.1
    "@webassemblyjs/helper-api-error": 1.11.1
    "@xtuc/long": 4.2.2
  checksum: 44d2905dac2f14d1e9b5765cf1063a0fa3d57295c6d8930f6c59a36462afecc6e763e8a110b97b342a0f13376166c5d41aa928e6ced92e2f06b071fd0db59d3a
  languageName: node
  linkType: hard

"@webassemblyjs/helper-wasm-bytecode@npm:1.11.1":
  version: 1.11.1
  resolution: "@webassemblyjs/helper-wasm-bytecode@npm:1.11.1"
  checksum: eac400113127832c88f5826bcc3ad1c0db9b3dbd4c51a723cfdb16af6bfcbceb608170fdaac0ab7731a7e18b291be7af68a47fcdb41cfe0260c10857e7413d97
  languageName: node
  linkType: hard

"@webassemblyjs/helper-wasm-section@npm:1.11.1":
  version: 1.11.1
  resolution: "@webassemblyjs/helper-wasm-section@npm:1.11.1"
  dependencies:
    "@webassemblyjs/ast": 1.11.1
    "@webassemblyjs/helper-buffer": 1.11.1
    "@webassemblyjs/helper-wasm-bytecode": 1.11.1
    "@webassemblyjs/wasm-gen": 1.11.1
  checksum: 617696cfe8ecaf0532763162aaf748eb69096fb27950219bb87686c6b2e66e11cd0614d95d319d0ab1904bc14ebe4e29068b12c3e7c5e020281379741fe4bedf
  languageName: node
  linkType: hard

"@webassemblyjs/ieee754@npm:1.11.1":
  version: 1.11.1
  resolution: "@webassemblyjs/ieee754@npm:1.11.1"
  dependencies:
    "@xtuc/ieee754": ^1.2.0
  checksum: 23a0ac02a50f244471631802798a816524df17e56b1ef929f0c73e3cde70eaf105a24130105c60aff9d64a24ce3b640dad443d6f86e5967f922943a7115022ec
  languageName: node
  linkType: hard

"@webassemblyjs/leb128@npm:1.11.1":
  version: 1.11.1
  resolution: "@webassemblyjs/leb128@npm:1.11.1"
  dependencies:
    "@xtuc/long": 4.2.2
  checksum: 33ccc4ade2f24de07bf31690844d0b1ad224304ee2062b0e464a610b0209c79e0b3009ac190efe0e6bd568b0d1578d7c3047fc1f9d0197c92fc061f56224ff4a
  languageName: node
  linkType: hard

"@webassemblyjs/utf8@npm:1.11.1":
  version: 1.11.1
  resolution: "@webassemblyjs/utf8@npm:1.11.1"
  checksum: 972c5cfc769d7af79313a6bfb96517253a270a4bf0c33ba486aa43cac43917184fb35e51dfc9e6b5601548cd5931479a42e42c89a13bb591ffabebf30c8a6a0b
  languageName: node
  linkType: hard

"@webassemblyjs/wasm-edit@npm:1.11.1":
  version: 1.11.1
  resolution: "@webassemblyjs/wasm-edit@npm:1.11.1"
  dependencies:
    "@webassemblyjs/ast": 1.11.1
    "@webassemblyjs/helper-buffer": 1.11.1
    "@webassemblyjs/helper-wasm-bytecode": 1.11.1
    "@webassemblyjs/helper-wasm-section": 1.11.1
    "@webassemblyjs/wasm-gen": 1.11.1
    "@webassemblyjs/wasm-opt": 1.11.1
    "@webassemblyjs/wasm-parser": 1.11.1
    "@webassemblyjs/wast-printer": 1.11.1
  checksum: 6d7d9efaec1227e7ef7585a5d7ff0be5f329f7c1c6b6c0e906b18ed2e9a28792a5635e450aca2d136770d0207225f204eff70a4b8fd879d3ac79e1dcc26dbeb9
  languageName: node
  linkType: hard

"@webassemblyjs/wasm-gen@npm:1.11.1":
  version: 1.11.1
  resolution: "@webassemblyjs/wasm-gen@npm:1.11.1"
  dependencies:
    "@webassemblyjs/ast": 1.11.1
    "@webassemblyjs/helper-wasm-bytecode": 1.11.1
    "@webassemblyjs/ieee754": 1.11.1
    "@webassemblyjs/leb128": 1.11.1
    "@webassemblyjs/utf8": 1.11.1
  checksum: 1f6921e640293bf99fb16b21e09acb59b340a79f986c8f979853a0ae9f0b58557534b81e02ea2b4ef11e929d946708533fd0693c7f3712924128fdafd6465f5b
  languageName: node
  linkType: hard

"@webassemblyjs/wasm-opt@npm:1.11.1":
  version: 1.11.1
  resolution: "@webassemblyjs/wasm-opt@npm:1.11.1"
  dependencies:
    "@webassemblyjs/ast": 1.11.1
    "@webassemblyjs/helper-buffer": 1.11.1
    "@webassemblyjs/wasm-gen": 1.11.1
    "@webassemblyjs/wasm-parser": 1.11.1
  checksum: 21586883a20009e2b20feb67bdc451bbc6942252e038aae4c3a08e6f67b6bae0f5f88f20bfc7bd0452db5000bacaf5ab42b98cf9aa034a6c70e9fc616142e1db
  languageName: node
  linkType: hard

"@webassemblyjs/wasm-parser@npm:1.11.1":
  version: 1.11.1
  resolution: "@webassemblyjs/wasm-parser@npm:1.11.1"
  dependencies:
    "@webassemblyjs/ast": 1.11.1
    "@webassemblyjs/helper-api-error": 1.11.1
    "@webassemblyjs/helper-wasm-bytecode": 1.11.1
    "@webassemblyjs/ieee754": 1.11.1
    "@webassemblyjs/leb128": 1.11.1
    "@webassemblyjs/utf8": 1.11.1
  checksum: 1521644065c360e7b27fad9f4bb2df1802d134dd62937fa1f601a1975cde56bc31a57b6e26408b9ee0228626ff3ba1131ae6f74ffb7d718415b6528c5a6dbfc2
  languageName: node
  linkType: hard

"@webassemblyjs/wast-printer@npm:1.11.1":
  version: 1.11.1
  resolution: "@webassemblyjs/wast-printer@npm:1.11.1"
  dependencies:
    "@webassemblyjs/ast": 1.11.1
    "@xtuc/long": 4.2.2
  checksum: f15ae4c2441b979a3b4fce78f3d83472fb22350c6dc3fd34bfe7c3da108e0b2360718734d961bba20e7716cb8578e964b870da55b035e209e50ec9db0378a3f7
  languageName: node
  linkType: hard

"@webpack-cli/configtest@npm:^1.2.0":
  version: 1.2.0
  resolution: "@webpack-cli/configtest@npm:1.2.0"
  peerDependencies:
    webpack: 4.x.x || 5.x.x
    webpack-cli: 4.x.x
  checksum: a2726cd9ec601d2b57e5fc15e0ebf5200a8892065e735911269ac2038e62be4bfc176ea1f88c2c46ff09b4d05d4c10ae045e87b3679372483d47da625a327e28
  languageName: node
  linkType: hard

"@webpack-cli/info@npm:^1.5.0":
  version: 1.5.0
  resolution: "@webpack-cli/info@npm:1.5.0"
  dependencies:
    envinfo: ^7.7.3
  peerDependencies:
    webpack-cli: 4.x.x
  checksum: 7f56fe037cd7d1fd5c7428588519fbf04a0cad33925ee4202ffbafd00f8ec1f2f67d991245e687d50e0f3e23f7b7814273d56cb9f7da4b05eed47c8d815c6296
  languageName: node
  linkType: hard

"@webpack-cli/serve@npm:^1.7.0":
  version: 1.7.0
  resolution: "@webpack-cli/serve@npm:1.7.0"
  peerDependencies:
    webpack-cli: 4.x.x
  peerDependenciesMeta:
    webpack-dev-server:
      optional: true
  checksum: d475e8effa23eb7ff9a48b14d4de425989fd82f906ce71c210921cc3852327c22873be00c35e181a25a6bd03d424ae2b83e7f3b3f410ac7ee31b128ab4ac7713
  languageName: node
  linkType: hard

"@xtuc/ieee754@npm:^1.2.0":
  version: 1.2.0
  resolution: "@xtuc/ieee754@npm:1.2.0"
  checksum: ac56d4ca6e17790f1b1677f978c0c6808b1900a5b138885d3da21732f62e30e8f0d9120fcf8f6edfff5100ca902b46f8dd7c1e3f903728634523981e80e2885a
  languageName: node
  linkType: hard

"@xtuc/long@npm:4.2.2":
  version: 4.2.2
  resolution: "@xtuc/long@npm:4.2.2"
  checksum: 8ed0d477ce3bc9c6fe2bf6a6a2cc316bb9c4127c5a7827bae947fa8ec34c7092395c5a283cc300c05b5fa01cbbfa1f938f410a7bf75db7c7846fea41949989ec
  languageName: node
  linkType: hard

"abbrev@npm:^1.0.0":
  version: 1.1.1
  resolution: "abbrev@npm:1.1.1"
  checksum: a4a97ec07d7ea112c517036882b2ac22f3109b7b19077dc656316d07d308438aac28e4d9746dc4d84bf6b1e75b4a7b0a5f3cb30592419f128ca9a8cee3bcfa17
  languageName: node
  linkType: hard

"accepts@npm:~1.3.4, accepts@npm:~1.3.5, accepts@npm:~1.3.8":
  version: 1.3.8
  resolution: "accepts@npm:1.3.8"
  dependencies:
    mime-types: ~2.1.34
    negotiator: 0.6.3
  checksum: 50c43d32e7b50285ebe84b613ee4a3aa426715a7d131b65b786e2ead0fd76b6b60091b9916d3478a75f11f162628a2139991b6c03ab3f1d9ab7c86075dc8eab4
  languageName: node
  linkType: hard

"acorn-import-assertions@npm:^1.7.6":
  version: 1.8.0
  resolution: "acorn-import-assertions@npm:1.8.0"
  peerDependencies:
    acorn: ^8
  checksum: 5c4cf7c850102ba7ae0eeae0deb40fb3158c8ca5ff15c0bca43b5c47e307a1de3d8ef761788f881343680ea374631ae9e9615ba8876fee5268dbe068c98bcba6
  languageName: node
  linkType: hard

"acorn-jsx@npm:^5.3.2":
  version: 5.3.2
  resolution: "acorn-jsx@npm:5.3.2"
  peerDependencies:
    acorn: ^6.0.0 || ^7.0.0 || ^8.0.0
  checksum: c3d3b2a89c9a056b205b69530a37b972b404ee46ec8e5b341666f9513d3163e2a4f214a71f4dfc7370f5a9c07472d2fd1c11c91c3f03d093e37637d95da98950
  languageName: node
  linkType: hard

"acorn@npm:^8.5.0, acorn@npm:^8.7.1, acorn@npm:^8.8.0":
  version: 8.8.0
  resolution: "acorn@npm:8.8.0"
  bin:
    acorn: bin/acorn
  checksum: 7270ca82b242eafe5687a11fea6e088c960af712683756abf0791b68855ea9cace3057bd5e998ffcef50c944810c1e0ca1da526d02b32110e13c722aa959afdc
  languageName: node
  linkType: hard

"agent-base@npm:6, agent-base@npm:^6.0.2":
  version: 6.0.2
  resolution: "agent-base@npm:6.0.2"
  dependencies:
    debug: 4
  checksum: f52b6872cc96fd5f622071b71ef200e01c7c4c454ee68bc9accca90c98cfb39f2810e3e9aa330435835eedc8c23f4f8a15267f67c6e245d2b33757575bdac49d
  languageName: node
  linkType: hard

"agentkeepalive@npm:^4.2.1":
  version: 4.3.0
  resolution: "agentkeepalive@npm:4.3.0"
  dependencies:
    debug: ^4.1.0
    depd: ^2.0.0
    humanize-ms: ^1.2.1
  checksum: 982453aa44c11a06826c836025e5162c846e1200adb56f2d075400da7d32d87021b3b0a58768d949d824811f5654223d5a8a3dad120921a2439625eb847c6260
  languageName: node
  linkType: hard

"aggregate-error@npm:^3.0.0":
  version: 3.1.0
  resolution: "aggregate-error@npm:3.1.0"
  dependencies:
    clean-stack: ^2.0.0
    indent-string: ^4.0.0
  checksum: 1101a33f21baa27a2fa8e04b698271e64616b886795fd43c31068c07533c7b3facfcaf4e9e0cab3624bd88f729a592f1c901a1a229c9e490eafce411a8644b79
  languageName: node
  linkType: hard

"ajv-formats@npm:^2.1.1":
  version: 2.1.1
  resolution: "ajv-formats@npm:2.1.1"
  dependencies:
    ajv: ^8.0.0
  peerDependencies:
    ajv: ^8.0.0
  peerDependenciesMeta:
    ajv:
      optional: true
  checksum: 4a287d937f1ebaad4683249a4c40c0fa3beed30d9ddc0adba04859026a622da0d317851316ea64b3680dc60f5c3c708105ddd5d5db8fe595d9d0207fd19f90b7
  languageName: node
  linkType: hard

"ajv-keywords@npm:^3.5.2":
  version: 3.5.2
  resolution: "ajv-keywords@npm:3.5.2"
  peerDependencies:
    ajv: ^6.9.1