
# This file is generated by running "yarn install" inside your project.
# Manual changes might be lost - proceed with caution!

__metadata:
  version: 6
  cacheKey: 8

"@discoveryjs/json-ext@npm:^0.5.0":
  version: 0.5.7
  resolution: "@discoveryjs/json-ext@npm:0.5.7"
  checksum: 2176d301cc258ea5c2324402997cf8134ebb212469c0d397591636cea8d3c02f2b3cf9fd58dcb748c7a0dade77ebdc1b10284fa63e608c033a1db52fddc69918
  languageName: node
  linkType: hard

"@eslint/eslintrc@npm:^1.3.3":
  version: 1.3.3
  resolution: "@eslint/eslintrc@npm:1.3.3"
  dependencies:
    ajv: ^6.12.4
    debug: ^4.3.2
    espree: ^9.4.0
    globals: ^13.15.0
    ignore: ^5.2.0
    import-fresh: ^3.2.1
    js-yaml: ^4.1.0
    minimatch: ^3.1.2
    strip-json-comments: ^3.1.1
  checksum: f03e9d6727efd3e0719da2051ea80c0c73d20e28c171121527dbb868cd34232ca9c1d0525a66e517a404afea26624b1e47895b6a92474678418c2f50c9566694
  languageName: node
  linkType: hard

"@humanwhocodes/config-array@npm:^0.10.5":
  version: 0.10.7
  resolution: "@humanwhocodes/config-array@npm:0.10.7"
  dependencies:
    "@humanwhocodes/object-schema": ^1.2.1
    debug: ^4.1.1
    minimatch: ^3.0.4
  checksum: 009d64be8d5bd098ff04e10af79e34f5633245250581fca032fac12a8667b2df8e7d169e69c05bff4d83ea3dd3c7d2d0e05ea9b94d89a7d092e26530caf6f8a3
  languageName: node
  linkType: hard

"@humanwhocodes/module-importer@npm:^1.0.1":
  version: 1.0.1
  resolution: "@humanwhocodes/module-importer@npm:1.0.1"
  checksum: 0fd22007db8034a2cdf2c764b140d37d9020bbfce8a49d3ec5c05290e77d4b0263b1b972b752df8c89e5eaa94073408f2b7d977aed131faf6cf396ebb5d7fb61
  languageName: node
  linkType: hard

"@humanwhocodes/object-schema@npm:^1.2.1":
  version: 1.2.1
  resolution: "@humanwhocodes/object-schema@npm:1.2.1"
  checksum: a824a1ec31591231e4bad5787641f59e9633827d0a2eaae131a288d33c9ef0290bd16fda8da6f7c0fcb014147865d12118df10db57f27f41e20da92369fcb3f1
  languageName: node
  linkType: hard

"@isaacs/cliui@npm:^8.0.2":
  version: 8.0.2
  resolution: "@isaacs/cliui@npm:8.0.2"
  dependencies:
    string-width: ^5.1.2
    string-width-cjs: "npm:string-width@^4.2.0"
    strip-ansi: ^7.0.1
    strip-ansi-cjs: "npm:strip-ansi@^6.0.1"
    wrap-ansi: ^8.1.0
    wrap-ansi-cjs: "npm:wrap-ansi@^7.0.0"
  checksum: 4a473b9b32a7d4d3cfb7a614226e555091ff0c5a29a1734c28c72a182c2f6699b26fc6b5c2131dfd841e86b185aea714c72201d7c98c2fba5f17709333a67aeb
  languageName: node
  linkType: hard

"@jridgewell/gen-mapping@npm:^0.3.0":
  version: 0.3.2
  resolution: "@jridgewell/gen-mapping@npm:0.3.2"
  dependencies:
    "@jridgewell/set-array": ^1.0.1
    "@jridgewell/sourcemap-codec": ^1.4.10
    "@jridgewell/trace-mapping": ^0.3.9
  checksum: 1832707a1c476afebe4d0fbbd4b9434fdb51a4c3e009ab1e9938648e21b7a97049fa6009393bdf05cab7504108413441df26d8a3c12193996e65493a4efb6882
  languageName: node
  linkType: hard

"@jridgewell/resolve-uri@npm:3.1.0":
  version: 3.1.0
  resolution: "@jridgewell/resolve-uri@npm:3.1.0"
  checksum: b5ceaaf9a110fcb2780d1d8f8d4a0bfd216702f31c988d8042e5f8fbe353c55d9b0f55a1733afdc64806f8e79c485d2464680ac48a0d9fcadb9548ee6b81d267
  languageName: node
  linkType: hard

"@jridgewell/set-array@npm:^1.0.1":
  version: 1.1.2
  resolution: "@jridgewell/set-array@npm:1.1.2"
  checksum: 69a84d5980385f396ff60a175f7177af0b8da4ddb81824cb7016a9ef914eee9806c72b6b65942003c63f7983d4f39a5c6c27185bbca88eb4690b62075602e28e
  languageName: node
  linkType: hard

"@jridgewell/source-map@npm:^0.3.2":
  version: 0.3.2
  resolution: "@jridgewell/source-map@npm:0.3.2"
  dependencies:
    "@jridgewell/gen-mapping": ^0.3.0
    "@jridgewell/trace-mapping": ^0.3.9
  checksum: 1b83f0eb944e77b70559a394d5d3b3f98a81fcc186946aceb3ef42d036762b52ef71493c6c0a3b7c1d2f08785f53ba2df1277fe629a06e6109588ff4cdcf7482
  languageName: node
  linkType: hard

"@jridgewell/sourcemap-codec@npm:1.4.14, @jridgewell/sourcemap-codec@npm:^1.4.10":
  version: 1.4.14
  resolution: "@jridgewell/sourcemap-codec@npm:1.4.14"
  checksum: 61100637b6d173d3ba786a5dff019e1a74b1f394f323c1fee337ff390239f053b87266c7a948777f4b1ee68c01a8ad0ab61e5ff4abb5a012a0b091bec391ab97
  languageName: node
  linkType: hard

"@jridgewell/trace-mapping@npm:^0.3.14, @jridgewell/trace-mapping@npm:^0.3.9":
  version: 0.3.17
  resolution: "@jridgewell/trace-mapping@npm:0.3.17"
  dependencies:
    "@jridgewell/resolve-uri": 3.1.0
    "@jridgewell/sourcemap-codec": 1.4.14
  checksum: 9d703b859cff5cd83b7308fd457a431387db5db96bd781a63bf48e183418dd9d3d44e76b9e4ae13237f6abeeb25d739ec9215c1d5bfdd08f66f750a50074a339
  languageName: node
  linkType: hard

"@leichtgewicht/ip-codec@npm:^2.0.1":
  version: 2.0.4
  resolution: "@leichtgewicht/ip-codec@npm:2.0.4"
  checksum: 468de1f04d33de6d300892683d7c8aecbf96d1e2c5fe084f95f816e50a054d45b7c1ebfb141a1447d844b86a948733f6eebd92234da8581c84a1ad4de2946a2d
  languageName: node
  linkType: hard

"@nodelib/fs.scandir@npm:2.1.5":
  version: 2.1.5
  resolution: "@nodelib/fs.scandir@npm:2.1.5"
  dependencies:
    "@nodelib/fs.stat": 2.0.5
    run-parallel: ^1.1.9
  checksum: a970d595bd23c66c880e0ef1817791432dbb7acbb8d44b7e7d0e7a22f4521260d4a83f7f9fd61d44fda4610105577f8f58a60718105fb38352baed612fd79e59
  languageName: node
  linkType: hard

"@nodelib/fs.stat@npm:2.0.5, @nodelib/fs.stat@npm:^2.0.2":
  version: 2.0.5
  resolution: "@nodelib/fs.stat@npm:2.0.5"
  checksum: 012480b5ca9d97bff9261571dbbec7bbc6033f69cc92908bc1ecfad0792361a5a1994bc48674b9ef76419d056a03efadfce5a6cf6dbc0a36559571a7a483f6f0
  languageName: node
  linkType: hard

"@nodelib/fs.walk@npm:^1.2.3":
  version: 1.2.8
  resolution: "@nodelib/fs.walk@npm:1.2.8"
  dependencies:
    "@nodelib/fs.scandir": 2.1.5
    fastq: ^1.6.0
  checksum: 190c643f156d8f8f277bf2a6078af1ffde1fd43f498f187c2db24d35b4b4b5785c02c7dc52e356497b9a1b65b13edc996de08de0b961c32844364da02986dc53
  languageName: node
  linkType: hard

"@npmcli/fs@npm:^3.1.0":
  version: 3.1.0
  resolution: "@npmcli/fs@npm:3.1.0"
  dependencies:
    semver: ^7.3.5
  checksum: a50a6818de5fc557d0b0e6f50ec780a7a02ab8ad07e5ac8b16bf519e0ad60a144ac64f97d05c443c3367235d337182e1d012bbac0eb8dbae8dc7b40b193efd0e
  languageName: node
  linkType: hard

"@pkgjs/parseargs@npm:^0.11.0":
  version: 0.11.0
  resolution: "@pkgjs/parseargs@npm:0.11.0"
  checksum: 6ad6a00fc4f2f2cfc6bff76fb1d88b8ee20bc0601e18ebb01b6d4be583733a860239a521a7fbca73b612e66705078809483549d2b18f370eb346c5155c8e4a0f
  languageName: node
  linkType: hard

"@swc/core-android-arm-eabi@npm:1.3.8":
  version: 1.3.8
  resolution: "@swc/core-android-arm-eabi@npm:1.3.8"
  dependencies:
    "@swc/wasm": 1.2.122
  conditions: os=android & cpu=arm
  languageName: node
  linkType: hard

"@swc/core-android-arm64@npm:1.3.8":
  version: 1.3.8
  resolution: "@swc/core-android-arm64@npm:1.3.8"
  dependencies:
    "@swc/wasm": 1.2.130
  conditions: os=android & cpu=arm64
  languageName: node
  linkType: hard

"@swc/core-darwin-arm64@npm:1.3.8":
  version: 1.3.8
  resolution: "@swc/core-darwin-arm64@npm:1.3.8"
  conditions: os=darwin & cpu=arm64
  languageName: node
  linkType: hard

"@swc/core-darwin-x64@npm:1.3.8":
  version: 1.3.8
  resolution: "@swc/core-darwin-x64@npm:1.3.8"
  conditions: os=darwin & cpu=x64
  languageName: node
  linkType: hard

"@swc/core-freebsd-x64@npm:1.3.8":
  version: 1.3.8
  resolution: "@swc/core-freebsd-x64@npm:1.3.8"
  dependencies:
    "@swc/wasm": 1.2.130
  conditions: os=freebsd & cpu=x64
  languageName: node
  linkType: hard

"@swc/core-linux-arm-gnueabihf@npm:1.3.8":
  version: 1.3.8
  resolution: "@swc/core-linux-arm-gnueabihf@npm:1.3.8"
  dependencies:
    "@swc/wasm": 1.2.130
  conditions: os=linux & cpu=arm
  languageName: node
  linkType: hard

"@swc/core-linux-arm64-gnu@npm:1.3.8":
  version: 1.3.8
  resolution: "@swc/core-linux-arm64-gnu@npm:1.3.8"
  conditions: os=linux & cpu=arm64 & libc=glibc
  languageName: node
  linkType: hard
